
Microsoft Visual Studio Solution File, Format Version 12.00
# Visual Studio Version 16
VisualStudioVersion = 16.0.29728.190
MinimumVisualStudioVersion = 10.0.40219.1
Project("{FAE04EC0-301F-11D3-BF4B-00C04F79EFBC}") = "MyHotel", "MyHotel\MyHotel.csproj", "{F04EBF97-FEB6-4E26-B498-1C0A21B03196}"
EndProject
Project("{FAE04EC0-301F-11D3-BF4B-00C04F79EFBC}") = "Model", "Model\Model.csproj", "{55B88E36-26E5-4E8B-B13D-F66EBA85A3E7}"
EndProject
Project("{FAE04EC0-301F-11D3-BF4B-00C04F79EFBC}") = "MyAdmin", "MyAdmin\MyAdmin.csproj", "{B1CF31B8-10D6-4AA6-A5C6-341E9F358479}"
EndProject
Global
	GlobalSection(SolutionConfigurationPlatforms) = preSolution
		Debug|Any CPU = Debug|Any CPU
		Release|Any CPU = Release|Any CPU
	EndGlobalSection
	GlobalSection(ProjectConfigurationPlatforms) = postSolution
		{F04EBF97-FEB6-4E26-B498-1C0A21B03196}.Debug|Any CPU.ActiveCfg = Debug|Any CPU
		{F04EBF97-FEB6-4E26-B498-1C0A21B03196}.Debug|Any CPU.Build.0 = Debug|Any CPU
		{F04EBF97-FEB6-4E26-B498-1C0A21B03196}.Release|Any CPU.ActiveCfg = Release|Any CPU
		{F04EBF97-FEB6-4E26-B498-1C0A21B03196}.Release|Any CPU.Build.0 = Release|Any CPU
		{55B88E36-26E5-4E8B-B13D-F66EBA85A3E7}.Debug|Any CPU.ActiveCfg = Debug|Any CPU
		{55B88E36-26E5-4E8B-B13D-F66EBA85A3E7}.Debug|Any CPU.Build.0 = Debug|Any CPU
		{55B88E36-26E5-4E8B-B13D-F66EBA85A3E7}.Release|Any CPU.ActiveCfg = Release|Any CPU
		{55B88E36-26E5-4E8B-B13D-F66EBA85A3E7}.Release|Any CPU.Build.0 = Release|Any CPU
		{B1CF31B8-10D6-4AA6-A5C6-341E9F358479}.Debug|Any CPU.ActiveCfg = Debug|Any CPU
		{B1CF31B8-10D6-4AA6-A5C6-341E9F358479}.Debug|Any CPU.Build.0 = Debug|Any CPU
		{B1CF31B8-10D6-4AA6-A5C6-341E9F358479}.Release|Any CPU.ActiveCfg = Release|Any CPU
		{B1CF31B8-10D6-4AA6-A5C6-341E9F358479}.Release|Any CPU.Build.0 = Release|Any CPU
	EndGlobalSection
	GlobalSection(SolutionProperties) = preSolution
		HideSolutionNode = FALSE
	EndGlobalSection
	GlobalSection(ExtensibilityGlobals) = postSolution
		SolutionGuid = {910A9D12-D863-4014-8F1F-00060EBA8594}
	EndGlobalSection
EndGlobal
